// !$*UTF8*$!
{
	archiveVersion = 1;
	classes = {
	};
	objectVersion = 56;
	objects = {

/* Begin PBXBuildFile section */
		793918872C3EBB1600454DCE /* FlowerGoTabView.swift in Sources */ = {isa = PBXBuildFile; fileRef = 793918862C3EBB1600454DCE /* FlowerGoTabView.swift */; };
		793918892C3EC20D00454DCE /* CamView.swift in Sources */ = {isa = PBXBuildFile; fileRef = 793918882C3EC20D00454DCE /* CamView.swift */; };
		7939188B2C3EC26F00454DCE /* GardenView.swift in Sources */ = {isa = PBXBuildFile; fileRef = 7939188A2C3EC26F00454DCE /* GardenView.swift */; };
		7939188D2C3EC29500454DCE /* UserView.swift in Sources */ = {isa = PBXBuildFile; fileRef = 7939188C2C3EC29500454DCE /* UserView.swift */; };
		7939188F2C3EC47400454DCE /* MapView.swift in Sources */ = {isa = PBXBuildFile; fileRef = 7939188E2C3EC47400454DCE /* MapView.swift */; };
		793918912C3EC90500454DCE /* CombatView.swift in Sources */ = {isa = PBXBuildFile; fileRef = 793918902C3EC90500454DCE /* CombatView.swift */; };
		79738A472C3D798B0063959A /* FlowerGO_APPApp.swift in Sources */ = {isa = PBXBuildFile; fileRef = 79738A462C3D798B0063959A /* FlowerGO_APPApp.swift */; };
		79738A492C3D798B0063959A /* PreView.swift in Sources */ = {isa = PBXBuildFile; fileRef = 79738A482C3D798B0063959A /* PreView.swift */; };
		79738A4B2C3D798C0063959A /* Assets.xcassets in Resources */ = {isa = PBXBuildFile; fileRef = 79738A4A2C3D798C0063959A /* Assets.xcassets */; };
		79738A4E2C3D798C0063959A /* Preview Assets.xcassets in Resources */ = {isa = PBXBuildFile; fileRef = 79738A4D2C3D798C0063959A /* Preview Assets.xcassets */; };
		79738A502C3D798C0063959A /* Persistence.swift in Sources */ = {isa = PBXBuildFile; fileRef = 79738A4F2C3D798C0063959A /* Persistence.swift */; };
		79738A532C3D798C0063959A /* FlowerGO_APP.xcdatamodeld in Sources */ = {isa = PBXBuildFile; fileRef = 79738A512C3D798C0063959A /* FlowerGO_APP.xcdatamodeld */; };
		79738A5D2C3D798C0063959A /* FlowerGO_APPTests.swift in Sources */ = {isa = PBXBuildFile; fileRef = 79738A5C2C3D798C0063959A /* FlowerGO_APPTests.swift */; };
		79738A672C3D798C0063959A /* FlowerGO_APPUITests.swift in Sources */ = {isa = PBXBuildFile; fileRef = 79738A662C3D798C0063959A /* FlowerGO_APPUITests.swift */; };
		79738A692C3D798C0063959A /* FlowerGO_APPUITestsLaunchTests.swift in Sources */ = {isa = PBXBuildFile; fileRef = 79738A682C3D798C0063959A /* FlowerGO_APPUITestsLaunchTests.swift */; };
		79C847D52C4C63F900069763 /* LocationManager.swift in Sources */ = {isa = PBXBuildFile; fileRef = 79C847D42C4C63F900069763 /* LocationManager.swift */; };
		79C847D82C4EA6F900069763 /* MPV.swift in Sources */ = {isa = PBXBuildFile; fileRef = 79C847D72C4EA6F900069763 /* MPV.swift */; };
		79C847DA2C4EA7E400069763 /* FlowerCard.swift in Sources */ = {isa = PBXBuildFile; fileRef = 79C847D92C4EA7E400069763 /* FlowerCard.swift */; };
		79C847DC2C4EB11B00069763 /* MPV2.swift in Sources */ = {isa = PBXBuildFile; fileRef = 79C847DB2C4EB11B00069763 /* MPV2.swift */; };
/* End PBXBuildFile section */

/* Begin PBXContainerItemProxy section */
		79738A592C3D798C0063959A /* PBXContainerItemProxy */ = {
			isa = PBXContainerItemProxy;
			containerPortal = 79738A3B2C3D798B0063959A /* Project object */;
			proxyType = 1;
			remoteGlobalIDString = 79738A422C3D798B0063959A;
			remoteInfo = FlowerGO_APP;
		};
		79738A632C3D798C0063959A /* PBXContainerItemProxy */ = {
			isa = PBXContainerItemProxy;
			containerPortal = 79738A3B2C3D798B0063959A /* Project object */;
			proxyType = 1;
			remoteGlobalIDString = 79738A422C3D798B0063959A;
			remoteInfo = FlowerGO_APP;
		};
/* End PBXContainerItemProxy section */

/* Begin PBXFileReference section */
		793918862C3EBB1600454DCE /* FlowerGoTabView.swift */ = {isa = PBXFileReference; lastKnownFileType = sourcecode.swift; path = FlowerGoTabView.swift; sourceTree = "<group>"; };
		793918882C3EC20D00454DCE /* CamView.swift */ = {isa = PBXFileReference; lastKnownFileType = sourcecode.swift; path = CamView.swift; sourceTree = "<group>"; };
		7939188A2C3EC26F00454DCE /* GardenView.swift */ = {isa = PBXFileReference; lastKnownFileType = sourcecode.swift; path = GardenView.swift; sourceTree = "<group>"; };
		7939188C2C3EC29500454DCE /* UserView.swift */ = {isa = PBXFileReference; lastKnownFileType = sourcecode.swift; path = UserView.swift; sourceTree = "<group>"; };
		7939188E2C3EC47400454DCE /* MapView.swift */ = {isa = PBXFileReference; lastKnownFileType = sourcecode.swift; path = MapView.swift; sourceTree = "<group>"; };
		793918902C3EC90500454DCE /* CombatView.swift */ = {isa = PBXFileReference; lastKnownFileType = sourcecode.swift; path = CombatView.swift; sourceTree = "<group>"; };
		79738A432C3D798B0063959A /* FlowerGO_APP.app */ = {isa = PBXFileReference; explicitFileType = wrapper.application; includeInIndex = 0; path = FlowerGO_APP.app; sourceTree = BUILT_PRODUCTS_DIR; };
		79738A462C3D798B0063959A /* FlowerGO_APPApp.swift */ = {isa = PBXFileReference; lastKnownFileType = sourcecode.swift; path = FlowerGO_APPApp.swift; sourceTree = "<group>"; };
		79738A482C3D798B0063959A /* PreView.swift */ = {isa = PBXFileReference; lastKnownFileType = sourcecode.swift; path = PreView.swift; sourceTree = "<group>"; };
		79738A4A2C3D798C0063959A /* Assets.xcassets */ = {isa = PBXFileReference; lastKnownFileType = folder.assetcatalog; path = Assets.xcassets; sourceTree = "<group>"; };
		79738A4D2C3D798C0063959A /* Preview Assets.xcassets */ = {isa = PBXFileReference; lastKnownFileType = folder.assetcatalog; path = "Preview Assets.xcassets"; sourceTree = "<group>"; };
		79738A4F2C3D798C0063959A /* Persistence.swift */ = {isa = PBXFileReference; lastKnownFileType = sourcecode.swift; path = Persistence.swift; sourceTree = "<group>"; };
		79738A522C3D798C0063959A /* FlowerGO_APP.xcdatamodel */ = {isa = PBXFileReference; lastKnownFileType = wrapper.xcdatamodel; path = FlowerGO_APP.xcdatamodel; sourceTree = "<group>"; };
		79738A582C3D798C0063959A /* FlowerGO_APPTests.xctest */ = {isa = PBXFileReference; explicitFileType = wrapper.cfbundle; includeInIndex = 0; path = FlowerGO_APPTests.xctest; sourceTree = BUILT_PRODUCTS_DIR; };
		79738A5C2C3D798C0063959A /* FlowerGO_APPTests.swift */ = {isa = PBXFileReference; lastKnownFileType = sourcecode.swift; path = FlowerGO_APPTests.swift; sourceTree = "<group>"; };
		79738A622C3D798C0063959A /* FlowerGO_APPUITests.xctest */ = {isa = PBXFileReference; explicitFileType = wrapper.cfbundle; includeInIndex = 0; path = FlowerGO_APPUITests.xctest; sourceTree = BUILT_PRODUCTS_DIR; };
		79738A662C3D798C0063959A /* FlowerGO_APPUITests.swift */ = {isa = PBXFileReference; lastKnownFileType = sourcecode.swift; path = FlowerGO_APPUITests.swift; sourceTree = "<group>"; };
		79738A682C3D798C0063959A /* FlowerGO_APPUITestsLaunchTests.swift */ = {isa = PBXFileReference; lastKnownFileType = sourcecode.swift; path = FlowerGO_APPUITestsLaunchTests.swift; sourceTree = "<group>"; };
		79C847D42C4C63F900069763 /* LocationManager.swift */ = {isa = PBXFileReference; lastKnownFileType = sourcecode.swift; path = LocationManager.swift; sourceTree = "<group>"; };
		79C847D62C4C685D00069763 /* FlowerGO-APP-Info.plist */ = {isa = PBXFileReference; lastKnownFileType = text.plist; path = "FlowerGO-APP-Info.plist"; sourceTree = SOURCE_ROOT; };
		79C847D72C4EA6F900069763 /* MPV.swift */ = {isa = PBXFileReference; lastKnownFileType = sourcecode.swift; path = MPV.swift; sourceTree = "<group>"; };
		79C847D92C4EA7E400069763 /* FlowerCard.swift */ = {isa = PBXFileReference; lastKnownFileType = sourcecode.swift; path = FlowerCard.swift; sourceTree = "<group>"; };
		79C847DB2C4EB11B00069763 /* MPV2.swift */ = {isa = PBXFileReference; lastKnownFileType = sourcecode.swift; path = MPV2.swift; sourceTree = "<group>"; };
/* End PBXFileReference section */

/* Begin PBXFrameworksBuildPhase section */
		79738A402C3D798B0063959A /* Frameworks */ = {
			isa = PBXFrameworksBuildPhase;
			buildActionMask = 2147483647;
			files = (
			);
			runOnlyForDeploymentPostprocessing = 0;
		};
		79738A552C3D798C0063959A /* Frameworks */ = {
			isa = PBXFrameworksBuildPhase;
			buildActionMask = 2147483647;
			files = (
			);
			runOnlyForDeploymentPostprocessing = 0;
		};
		79738A5F2C3D798C0063959A /* Frameworks */ = {
			isa = PBXFrameworksBuildPhase;
			buildActionMask = 2147483647;
			files = (
			);
			runOnlyForDeploymentPostprocessing = 0;
		};
/* End PBXFrameworksBuildPhase section */

/* Begin PBXGroup section */
		793918852C3EBADC00454DCE /* Views */ = {
			isa = PBXGroup;
			children = (
				79738A482C3D798B0063959A /* PreView.swift */,
				793918902C3EC90500454DCE /* CombatView.swift */,
				7939188C2C3EC29500454DCE /* UserView.swift */,
				7939188A2C3EC26F00454DCE /* GardenView.swift */,
				7939188E2C3EC47400454DCE /* MapView.swift */,
				79C847D72C4EA6F900069763 /* MPV.swift */,
				79C847DB2C4EB11B00069763 /* MPV2.swift */,
				793918882C3EC20D00454DCE /* CamView.swift */,
				79C847D92C4EA7E400069763 /* FlowerCard.swift */,
			);
			name = Views;
			sourceTree = "<group>";
		};
		79738A3A2C3D798B0063959A = {
			isa = PBXGroup;
			children = (
				79738A452C3D798B0063959A /* FlowerGO_APP */,
				79738A5B2C3D798C0063959A /* FlowerGO_APPTests */,
				79738A652C3D798C0063959A /* FlowerGO_APPUITests */,
				79738A442C3D798B0063959A /* Products */,
			);
			sourceTree = "<group>";
		};
		79738A442C3D798B0063959A /* Products */ = {
			isa = PBXGroup;
			children = (
				79738A432C3D798B0063959A /* FlowerGO_APP.app */,
				79738A582C3D798C0063959A /* FlowerGO_APPTests.xctest */,
				79738A622C3D798C0063959A /* FlowerGO_APPUITests.xctest */,
			);
			name = Products;
			sourceTree = "<group>";
		};
		79738A452C3D798B0063959A /* FlowerGO_APP */ = {
			isa = PBXGroup;
			children = (
				79C847D62C4C685D00069763 /* FlowerGO-APP-Info.plist */,
				793918852C3EBADC00454DCE /* Views */,
				79738A462C3D798B0063959A /* FlowerGO_APPApp.swift */,
				793918862C3EBB1600454DCE /* FlowerGoTabView.swift */,
				79C847D42C4C63F900069763 /* LocationManager.swift */,
				79738A4A2C3D798C0063959A /* Assets.xcassets */,
				79738A4F2C3D798C0063959A /* Persistence.swift */,
				79738A512C3D798C0063959A /* FlowerGO_APP.xcdatamodeld */,
				79738A4C2C3D798C0063959A /* Preview Content */,
			);
			path = FlowerGO_APP;
			sourceTree = "<group>";
		};
		79738A4C2C3D798C0063959A /* Preview Content */ = {
			isa = PBXGroup;
			children = (
				79738A4D2C3D798C0063959A /* Preview Assets.xcassets */,
			);
			path = "Preview Content";
			sourceTree = "<group>";
		};
		79738A5B2C3D798C0063959A /* FlowerGO_APPTests */ = {
			isa = PBXGroup;
			children = (
				79738A5C2C3D798C0063959A /* FlowerGO_APPTests.swift */,
			);
			path = FlowerGO_APPTests;
			sourceTree = "<group>";
		};
		79738A652C3D798C0063959A /* FlowerGO_APPUITests */ = {
			isa = PBXGroup;
			children = (
				79738A662C3D798C0063959A /* FlowerGO_APPUITests.swift */,
				79738A682C3D798C0063959A /* FlowerGO_APPUITestsLaunchTests.swift */,
			);
			path = FlowerGO_APPUITests;
			sourceTree = "<group>";
		};
/* End PBXGroup section */

/* Begin PBXNativeTarget section */
		79738A422C3D798B0063959A /* FlowerGO_APP */ = {
			isa = PBXNativeTarget;
			buildConfigurationList = 79738A6C2C3D798C0063959A /* Build configuration list for PBXNativeTarget "FlowerGO_APP" */;
			buildPhases = (
				79738A3F2C3D798B0063959A /* Sources */,
				79738A402C3D798B0063959A /* Frameworks */,
				79738A412C3D798B0063959A /* Resources */,
			);
			buildRules = (
			);
			dependencies = (
			);
			name = FlowerGO_APP;
			productName = FlowerGO_APP;
			productReference = 79738A432C3D798B0063959A /* FlowerGO_APP.app */;
			productType = "com.apple.product-type.application";
		};
		79738A572C3D798C0063959A /* FlowerGO_APPTests */ = {
			isa = PBXNativeTarget;
			buildConfigurationList = 79738A6F2C3D798C0063959A /* Build configuration list for PBXNativeTarget "FlowerGO_APPTests" */;
			buildPhases = (
				79738A542C3D798C0063959A /* Sources */,
				79738A552C3D798C0063959A /* Frameworks */,
				79738A562C3D798C0063959A /* Resources */,
			);
			buildRules = (
			);
			dependencies = (
				79738A5A2C3D798C0063959A /* PBXTargetDependency */,
			);
			name = FlowerGO_APPTests;
			productName = FlowerGO_APPTests;
			productReference = 79738A582C3D798C0063959A /* FlowerGO_APPTests.xctest */;
			productType = "com.apple.product-type.bundle.unit-test";
		};
		79738A612C3D798C0063959A /* FlowerGO_APPUITests */ = {
			isa = PBXNativeTarget;
			buildConfigurationList = 79738A722C3D798C0063959A /* Build configuration list for PBXNativeTarget "FlowerGO_APPUITests" */;
			buildPhases = (
				79738A5E2C3D798C0063959A /* Sources */,
				79738A5F2C3D798C0063959A /* Frameworks */,
				79738A602C3D798C0063959A /* Resources */,
			);
			buildRules = (
			);
			dependencies = (
				79738A642C3D798C0063959A /* PBXTargetDependency */,
			);
			name = FlowerGO_APPUITests;
			productName = FlowerGO_APPUITests;
			productReference = 79738A622C3D798C0063959A /* FlowerGO_APPUITests.xctest */;
			productType = "com.apple.product-type.bundle.ui-testing";
		};
/* End PBXNativeTarget section */

/* Begin PBXProject section */
		79738A3B2C3D798B0063959A /* Project object */ = {
			isa = PBXProject;
			attributes = {
				BuildIndependentTargetsInParallel = 1;
				LastSwiftUpdateCheck = 1540;
				LastUpgradeCheck = 1540;
				TargetAttributes = {
					79738A422C3D798B0063959A = {
						CreatedOnToolsVersion = 15.4;
					};
					79738A572C3D798C0063959A = {
						CreatedOnToolsVersion = 15.4;
						TestTargetID = 79738A422C3D798B0063959A;
					};
					79738A612C3D798C0063959A = {
						CreatedOnToolsVersion = 15.4;
						TestTargetID = 79738A422C3D798B0063959A;
					};
				};
			};
			buildConfigurationList = 79738A3E2C3D798B0063959A /* Build configuration list for PBXProject "FlowerGO_APP" */;
			compatibilityVersion = "Xcode 14.0";
			developmentRegion = en;
			hasScannedForEncodings = 0;
			knownRegions = (
				en,
				Base,
			);
			mainGroup = 79738A3A2C3D798B0063959A;
			productRefGroup = 79738A442C3D798B0063959A /* Products */;
			projectDirPath = "";
			projectRoot = "";
			targets = (
				79738A422C3D798B0063959A /* FlowerGO_APP */,
				79738A572C3D798C0063959A /* FlowerGO_APPTests */,
				79738A612C3D798C0063959A /* FlowerGO_APPUITests */,
			);
		};
/* End PBXProject section */

/* Begin PBXResourcesBuildPhase section */
		79738A412C3D798B0063959A /* Resources */ = {
			isa = PBXResourcesBuildPhase;
			buildActionMask = 2147483647;
			files = (
				79738A4E2C3D798C0063959A /* Preview Assets.xcassets in Resources */,
				79738A4B2C3D798C0063959A /* Assets.xcassets in Resources */,
			);
			runOnlyForDeploymentPostprocessing = 0;
		};
		79738A562C3D798C0063959A /* Resources */ = {
			isa = PBXResourcesBuildPhase;
			buildActionMask = 2147483647;
			files = (
			);
			runOnlyForDeploymentPostprocessing = 0;
		};
		79738A602C3D798C0063959A /* Resources */ = {
			isa = PBXResourcesBuildPhase;
			buildActionMask = 2147483647;
			files = (
			);
			runOnlyForDeploymentPostprocessing = 0;
		};
/* End PBXResourcesBuildPhase section */

/* Begin PBXSourcesBuildPhase section */
		79738A3F2C3D798B0063959A /* Sources */ = {
			isa = PBXSourcesBuildPhase;
			buildActionMask = 2147483647;
			files = (
				79C847DC2C4EB11B00069763 /* MPV2.swift in Sources */,
				793918912C3EC90500454DCE /* CombatView.swift in Sources */,
				79738A502C3D798C0063959A /* Persistence.swift in Sources */,
				79738A492C3D798B0063959A /* PreView.swift in Sources */,
				79C847D52C4C63F900069763 /* LocationManager.swift in Sources */,
				79738A532C3D798C0063959A /* FlowerGO_APP.xcdatamodeld in Sources */,
				79C847DA2C4EA7E400069763 /* FlowerCard.swift in Sources */,
				7939188D2C3EC29500454DCE /* UserView.swift in Sources */,
				7939188B2C3EC26F00454DCE /* GardenView.swift in Sources */,
				79C847D82C4EA6F900069763 /* MPV.swift in Sources */,
				79738A472C3D798B0063959A /* FlowerGO_APPApp.swift in Sources */,
				793918892C3EC20D00454DCE /* CamView.swift in Sources */,
				7939188F2C3EC47400454DCE /* MapView.swift in Sources */,
				793918872C3EBB1600454DCE /* FlowerGoTabView.swift in Sources */,
			);
			runOnlyForDeploymentPostprocessing = 0;
		};
		79738A542C3D798C0063959A /* Sources */ = {
			isa = PBXSourcesBuildPhase;
			buildActionMask = 2147483647;
			files = (
				79738A5D2C3D798C0063959A /* FlowerGO_APPTests.swift in Sources */,
			);
			runOnlyForDeploymentPostprocessing = 0;
		};
		79738A5E2C3D798C0063959A /* Sources */ = {
			isa = PBXSourcesBuildPhase;
			buildActionMask = 2147483647;
			files = (
				79738A672C3D798C0063959A /* FlowerGO_APPUITests.swift in Sources */,
				79738A692C3D798C0063959A /* FlowerGO_APPUITestsLaunchTests.swift in Sources */,
			);
			runOnlyForDeploymentPostprocessing = 0;
		};
/* End PBXSourcesBuildPhase section */

/* Begin PBXTargetDependency section */
		79738A5A2C3D798C0063959A /* PBXTargetDependency */ = {
			isa = PBXTargetDependency;
			target = 79738A422C3D798B0063959A /* FlowerGO_APP */;
			targetProxy = 79738A592C3D798C0063959A /* PBXContainerItemProxy */;
		};
		79738A642C3D798C0063959A /* PBXTargetDependency */ = {
			isa = PBXTargetDependency;
			target = 79738A422C3D798B0063959A /* FlowerGO_APP */;
			targetProxy = 79738A632C3D798C0063959A /* PBXContainerItemProxy */;
		};
/* End PBXTargetDependency section */

/* Begin XCBuildConfiguration section */
		79738A6A2C3D798C0063959A /* Debug */ = {
			isa = XCBuildConfiguration;
			buildSettings = {
				ALWAYS_SEARCH_USER_PATHS = NO;
				ASSETCATALOG_COMPILER_GENERATE_SWIFT_ASSET_SYMBOL_EXTENSIONS = YES;
				CLANG_ANALYZER_NONNULL = YES;
				CLANG_ANALYZER_NUMBER_OBJECT_CONVERSION = YES_AGGRESSIVE;
				CLANG_CXX_LANGUAGE_STANDARD = "gnu++20";
				CLANG_ENABLE_MODULES = YES;
				CLANG_ENABLE_OBJC_ARC = YES;
				CLANG_ENABLE_OBJC_WEAK = YES;
				CLANG_WARN_BLOCK_CAPTURE_AUTORELEASING = YES;
				CLANG_WARN_BOOL_CONVERSION = YES;
				CLANG_WARN_COMMA = YES;
				CLANG_WARN_CONSTANT_CONVERSION = YES;
				CLANG_WARN_DEPRECATED_OBJC_IMPLEMENTATIONS = YES;
				CLANG_WARN_DIRECT_OBJC_ISA_USAGE = YES_ERROR;
				CLANG_WARN_DOCUMENTATION_COMMENTS = YES;
				CLANG_WARN_EMPTY_BODY = YES;
				CLANG_WARN_ENUM_CONVERSION = YES;
				CLANG_WARN_INFINITE_RECURSION = YES;
				CLANG_WARN_INT_CONVERSION = YES;
				CLANG_WARN_NON_LITERAL_NULL_CONVERSION = YES;
				CLANG_WARN_OBJC_IMPLICIT_RETAIN_SELF = YES;
				CLANG_WARN_OBJC_LITERAL_CONVERSION = YES;
				CLANG_WARN_OBJC_ROOT_CLASS = YES_ERROR;
				CLANG_WARN_QUOTED_INCLUDE_IN_FRAMEWORK_HEADER = YES;
				CLANG_WARN_RANGE_LOOP_ANALYSIS = YES;
				CLANG_WARN_STRICT_PROTOTYPES = YES;
				CLANG_WARN_SUSPICIOUS_MOVE = YES;
				CLANG_WARN_UNGUARDED_AVAILABILITY = YES_AGGRESSIVE;
				CLANG_WARN_UNREACHABLE_CODE = YES;
				CLANG_WARN__DUPLICATE_METHOD_MATCH = YES;
				COPY_PHASE_STRIP = NO;
				DEBUG_INFORMATION_FORMAT = dwarf;
				ENABLE_STRICT_OBJC_MSGSEND = YES;
				ENABLE_TESTABILITY = YES;
				ENABLE_USER_SCRIPT_SANDBOXING = YES;
				GCC_C_LANGUAGE_STANDARD = gnu17;
				GCC_DYNAMIC_NO_PIC = NO;
				GCC_NO_COMMON_BLOCKS = YES;
				GCC_OPTIMIZATION_LEVEL = 0;
				GCC_PREPROCESSOR_DEFINITIONS = (
					"DEBUG=1",
					"$(inherited)",
				);
				GCC_WARN_64_TO_32_BIT_CONVERSION = YES;
				GCC_WARN_ABOUT_RETURN_TYPE = YES_ERROR;
				GCC_WARN_UNDECLARED_SELECTOR = YES;
				GCC_WARN_UNINITIALIZED_AUTOS = YES_AGGRESSIVE;
				GCC_WARN_UNUSED_FUNCTION = YES;
				GCC_WARN_UNUSED_VARIABLE = YES;
				IPHONEOS_DEPLOYMENT_TARGET = 17.5;
				LOCALIZATION_PREFERS_STRING_CATALOGS = YES;
				MTL_ENABLE_DEBUG_INFO = INCLUDE_SOURCE;
				MTL_FAST_MATH = YES;
				ONLY_ACTIVE_ARCH = YES;
				SDKROOT = iphoneos;
				SWIFT_ACTIVE_COMPILATION_CONDITIONS = "DEBUG $(inherited)";
				SWIFT_OPTIMIZATION_LEVEL = "-Onone";
			};
			name = Debug;
		};
		79738A6B2C3D798C0063959A /* Release */ = {
			isa = XCBuildConfiguration;
			buildSettings = {
				ALWAYS_SEARCH_USER_PATHS = NO;
				ASSETCATALOG_COMPILER_GENERATE_SWIFT_ASSET_SYMBOL_EXTENSIONS = YES;
				CLANG_ANALYZER_NONNULL = YES;
				CLANG_ANALYZER_NUMBER_OBJECT_CONVERSION = YES_AGGRESSIVE;
				CLANG_CXX_LANGUAGE_STANDARD = "gnu++20";
				CLANG_ENABLE_MODULES = YES;
				CLANG_ENABLE_OBJC_ARC = YES;
				CLANG_ENABLE_OBJC_WEAK = YES;
				CLANG_WARN_BLOCK_CAPTURE_AUTORELEASING = YES;
				CLANG_WARN_BOOL_CONVERSION = YES;
				CLANG_WARN_COMMA = YES;
				CLANG_WARN_CONSTANT_CONVERSION = YES;
				CLANG_WARN_DEPRECATED_OBJC_IMPLEMENTATIONS = YES;
				CLANG_WARN_DIRECT_OBJC_ISA_USAGE = YES_ERROR;
				CLANG_WARN_DOCUMENTATION_COMMENTS = YES;
				CLANG_WARN_EMPTY_BODY = YES;
				CLANG_WARN_ENUM_CONVERSION = YES;
				CLANG_WARN_INFINITE_RECURSION = YES;
				CLANG_WARN_INT_CONVERSION = YES;
				CLANG_WARN_NON_LITERAL_NULL_CONVERSION = YES;
				CLANG_WARN_OBJC_IMPLICIT_RETAIN_SELF = YES;
				CLANG_WARN_OBJC_LITERAL_CONVERSION = YES;
				CLANG_WARN_OBJC_ROOT_CLASS = YES_ERROR;
				CLANG_WARN_QUOTED_INCLUDE_IN_FRAMEWORK_HEADER = YES;
				CLANG_WARN_RANGE_LOOP_ANALYSIS = YES;
				CLANG_WARN_STRICT_PROTOTYPES = YES;
				CLANG_WARN_SUSPICIOUS_MOVE = YES;
				CLANG_WARN_UNGUARDED_AVAILABILITY = YES_AGGRESSIVE;
				CLANG_WARN_UNREACHABLE_CODE = YES;
				CLANG_WARN__DUPLICATE_METHOD_MATCH = YES;
				COPY_PHASE_STRIP = NO;
				DEBUG_INFORMATION_FORMAT = "dwarf-with-dsym";
				ENABLE_NS_ASSERTIONS = NO;
				ENABLE_STRICT_OBJC_MSGSEND = YES;
				ENABLE_USER_SCRIPT_SANDBOXING = YES;
				GCC_C_LANGUAGE_STANDARD = gnu17;
				GCC_NO_COMMON_BLOCKS = YES;
				GCC_WARN_64_TO_32_BIT_CONVERSION = YES;
				GCC_WARN_ABOUT_RETURN_TYPE = YES_ERROR;
				GCC_WARN_UNDECLARED_SELECTOR = YES;
				GCC_WARN_UNINITIALIZED_AUTOS = YES_AGGRESSIVE;
				GCC_WARN_UNUSED_FUNCTION = YES;
				GCC_WARN_UNUSED_VARIABLE = YES;
				IPHONEOS_DEPLOYMENT_TARGET = 17.5;
				LOCALIZATION_PREFERS_STRING_CATALOGS = YES;
				MTL_ENABLE_DEBUG_INFO = NO;
				MTL_FAST_MATH = YES;
				SDKROOT = iphoneos;
				SWIFT_COMPILATION_MODE = wholemodule;
				VALIDATE_PRODUCT = YES;
			};
			name = Release;
		};
		79738A6D2C3D798C0063959A /* Debug */ = {
			isa = XCBuildConfiguration;
			buildSettings = {
				ASSETCATALOG_COMPILER_APPICON_NAME = AppIcon;
				ASSETCATALOG_COMPILER_GLOBAL_ACCENT_COLOR_NAME = AccentColor;
				CODE_SIGN_STYLE = Automatic;
				CURRENT_PROJECT_VERSION = 1;
				DEVELOPMENT_ASSET_PATHS = "\"FlowerGO_APP/Preview Content\"";
				DEVELOPMENT_TEAM = 329GHPFY8A;
				ENABLE_PREVIEWS = YES;
				GENERATE_INFOPLIST_FILE = YES;
				INFOPLIST_FILE = "FlowerGO-APP-Info.plist";
				INFOPLIST_KEY_NSLocationWhenInUseUsageDescription = "Please allow us to access your location";
				INFOPLIST_KEY_UIApplicationSceneManifest_Generation = YES;
				INFOPLIST_KEY_UIApplicationSupportsIndirectInputEvents = YES;
				INFOPLIST_KEY_UILaunchScreen_Generation = YES;
				INFOPLIST_KEY_UISupportedInterfaceOrientations_iPad = "UIInterfaceOrientationPortrait UIInterfaceOrientationPortraitUpsideDown UIInterfaceOrientationLandscapeLeft UIInterfaceOrientationLandscapeRight";
				INFOPLIST_KEY_UISupportedInterfaceOrientations_iPhone = "UIInterfaceOrientationPortrait UIInterfaceOrientationLandscapeLeft UIInterfaceOrientationLandscapeRight";
				LD_RUNPATH_SEARCH_PATHS = (
					"$(inherited)",
					"@executable_path/Frameworks",
				);
				MARKETING_VERSION = 1.0;
				PRODUCT_BUNDLE_IDENTIFIER = "com.pgyy.FlowerGO-APP";
				PRODUCT_NAME = "$(TARGET_NAME)";
				SWIFT_EMIT_LOC_STRINGS = YES;
				SWIFT_VERSION = 5.0;
				TARGETED_DEVICE_FAMILY = "1,2";
			};
			name = Debug;
		};
		79738A6E2C3D798C0063959A /* Release */ = {
			isa = XCBuildConfiguration;
			buildSettings = {
				ASSETCATALOG_COMPILER_APPICON_NAME = AppIcon;
				ASSETCATALOG_COMPILER_GLOBAL_ACCENT_COLOR_NAME = AccentColor;
				CODE_SIGN_STYLE = Automatic;
				CURRENT_PROJECT_VERSION = 1;
				DEVELOPMENT_ASSET_PATHS = "\"FlowerGO_APP/Preview Content\"";
				DEVELOPMENT_TEAM = 329GHPFY8A;
				ENABLE_PREVIEWS = YES;
				GENERATE_INFOPLIST_FILE = YES;
				INFOPLIST_FILE = "FlowerGO-APP-Info.plist";
				INFOPLIST_KEY_NSLocationWhenInUseUsageDescription = "Please allow us to access your location";
				INFOPLIST_KEY_UIApplicationSceneManifest_Generation = YES;
				INFOPLIST_KEY_UIApplicationSupportsIndirectInputEvents = YES;
				INFOPLIST_KEY_UILaunchScreen_Generation = YES;
				INFOPLIST_KEY_UISupportedInterfaceOrientations_iPad = "UIInterfaceOrientationPortrait UIInterfaceOrientationPortraitUpsideDown UIInterfaceOrientationLandscapeLeft UIInterfaceOrientationLandscapeRight";
				INFOPLIST_KEY_UISupportedInterfaceOrientations_iPhone = "UIInterfaceOrientationPortrait UIInterfaceOrientationLandscapeLeft UIInterfaceOrientationLandscapeRight";
				LD_RUNPATH_SEARCH_PATHS = (
					"$(inherited)",
					"@executable_path/Frameworks",
				);
				MARKETING_VERSION = 1.0;
				PRODUCT_BUNDLE_IDENTIFIER = "com.pgyy.FlowerGO-APP";
				PRODUCT_NAME = "$(TARGET_NAME)";
				SWIFT_EMIT_LOC_STRINGS = YES;
				SWIFT_VERSION = 5.0;
				TARGETED_DEVICE_FAMILY = "1,2";
			};
			name = Release;
		};
		79738A702C3D798C0063959A /* Debug */ = {
			isa = XCBuildConfiguration;
			buildSettings = {
				ALWAYS_EMBED_SWIFT_STANDARD_LIBRARIES = YES;
				BUNDLE_LOADER = "$(TEST_HOST)";
				CODE_SIGN_STYLE = Automatic;
				CURRENT_PROJECT_VERSION = 1;
				DEVELOPMENT_TEAM = 329GHPFY8A;
				GENERATE_INFOPLIST_FILE = YES;
				IPHONEOS_DEPLOYMENT_TARGET = 17.5;
				MARKETING_VERSION = 1.0;
				PRODUCT_BUNDLE_IDENTIFIER = "com.pgyy.FlowerGO-APPTests";
				PRODUCT_NAME = "$(TARGET_NAME)";
				SWIFT_EMIT_LOC_STRINGS = NO;
				SWIFT_VERSION = 5.0;
				TARGETED_DEVICE_FAMILY = "1,2";
				TEST_HOST = "$(BUILT_PRODUCTS_DIR)/FlowerGO_APP.app/$(BUNDLE_EXECUTABLE_FOLDER_PATH)/FlowerGO_APP";
			};
			name = Debug;
		};
		79738A712C3D798C0063959A /* Release */ = {
			isa = XCBuildConfiguration;
			buildSettings = {
				ALWAYS_EMBED_SWIFT_STANDARD_LIBRARIES = YES;
				BUNDLE_LOADER = "$(TEST_HOST)";
				CODE_SIGN_STYLE = Automatic;
				CURRENT_PROJECT_VERSION = 1;
				DEVELOPMENT_TEAM = 329GHPFY8A;
				GENERATE_INFOPLIST_FILE = YES;
				IPHONEOS_DEPLOYMENT_TARGET = 17.5;
				MARKETING_VERSION = 1.0;
				PRODUCT_BUNDLE_IDENTIFIER = "com.pgyy.FlowerGO-APPTests";
				PRODUCT_NAME = "$(TARGET_NAME)";
				SWIFT_EMIT_LOC_STRINGS = NO;
				SWIFT_VERSION = 5.0;
				TARGETED_DEVICE_FAMILY = "1,2";
				TEST_HOST = "$(BUILT_PRODUCTS_DIR)/FlowerGO_APP.app/$(BUNDLE_EXECUTABLE_FOLDER_PATH)/FlowerGO_APP";
			};
			name = Release;
		};
		79738A732C3D798C0063959A /* Debug */ = {
			isa = XCBuildConfiguration;
			buildSettings = {
				ALWAYS_EMBED_SWIFT_STANDARD_LIBRARIES = YES;
				CODE_SIGN_STYLE = Automatic;
				CURRENT_PROJECT_VERSION = 1;
				DEVELOPMENT_TEAM = 329GHPFY8A;
				GENERATE_INFOPLIST_FILE = YES;
				MARKETING_VERSION = 1.0;
				PRODUCT_BUNDLE_IDENTIFIER = "com.pgyy.FlowerGO-APPUITests";
				PRODUCT_NAME = "$(TARGET_NAME)";
				SWIFT_EMIT_LOC_STRINGS = NO;
				SWIFT_VERSION = 5.0;
				TARGETED_DEVICE_FAMILY = "1,2";
				TEST_TARGET_NAME = FlowerGO_APP;
			};
			name = Debug;
		};
		79738A742C3D798C0063959A /* Release */ = {
			isa = XCBuildConfiguration;
			buildSettings = {
				ALWAYS_EMBED_SWIFT_STANDARD_LIBRARIES = YES;
				CODE_SIGN_STYLE = Automatic;
				CURRENT_PROJECT_VERSION = 1;
				DEVELOPMENT_TEAM = 329GHPFY8A;
				GENERATE_INFOPLIST_FILE = YES;
				MARKETING_VERSION = 1.0;
				PRODUCT_BUNDLE_IDENTIFIER = "com.pgyy.FlowerGO-APPUITests";
				PRODUCT_NAME = "$(TARGET_NAME)";
				SWIFT_EMIT_LOC_STRINGS = NO;
				SWIFT_VERSION = 5.0;
				TARGETED_DEVICE_FAMILY = "1,2";
				TEST_TARGET_NAME = FlowerGO_APP;
			};
			name = Release;
		};
/* End XCBuildConfiguration section */

/* Begin XCConfigurationList section */
		79738A3E2C3D798B0063959A /* Build configuration list for PBXProject "FlowerGO_APP" */ = {
			isa = XCConfigurationList;
			buildConfigurations = (
				79738A6A2C3D798C0063959A /* Debug */,
				79738A6B2C3D798C0063959A /* Release */,
			);
			defaultConfigurationIsVisible = 0;
			defaultConfigurationName = Release;
		};
		79738A6C2C3D798C0063959A /* Build configuration list for PBXNativeTarget "FlowerGO_APP" */ = {
			isa = XCConfigurationList;
			buildConfigurations = (
				79738A6D2C3D798C0063959A /* Debug */,
				79738A6E2C3D798C0063959A /* Release */,
			);
			defaultConfigurationIsVisible = 0;
			defaultConfigurationName = Release;
		};
		79738A6F2C3D798C0063959A /* Build configuration list for PBXNativeTarget "FlowerGO_APPTests" */ = {
			isa = XCConfigurationList;
			buildConfigurations = (
				79738A702C3D798C0063959A /* Debug */,
				79738A712C3D798C0063959A /* Release */,
			);
			defaultConfigurationIsVisible = 0;
			defaultConfigurationName = Release;
		};
		79738A722C3D798C0063959A /* Build configuration list for PBXNativeTarget "FlowerGO_APPUITests" */ = {
			isa = XCConfigurationList;
			buildConfigurations = (
				79738A732C3D798C0063959A /* Debug */,
				79738A742C3D798C0063959A /* Release */,
			);
			defaultConfigurationIsVisible = 0;
			defaultConfigurationName = Release;
		};
/* End XCConfigurationList section */

/* Begin XCVersionGroup section */
		79738A512C3D798C0063959A /* FlowerGO_APP.xcdatamodeld */ = {
			isa = XCVersionGroup;
			children = (
				79738A522C3D798C0063959A /* FlowerGO_APP.xcdatamodel */,
			);
			currentVersion = 79738A522C3D798C0063959A /* FlowerGO_APP.xcdatamodel */;
			path = FlowerGO_APP.xcdatamodeld;
			sourceTree = "<group>";
			versionGroupType = wrapper.xcdatamodel;
		};
/* End XCVersionGroup section */
	};
	rootObject = 79738A3B2C3D798B0063959A /* Project object */;
}
